# This file is automatically @generated by Cargo.
# It is not intended for manual editing.
version = 4

[[package]]
name = "vaultx-audit"
version = "0.1.0"

[[package]]
name = "vaultx-broker"
version = "0.1.0"

[[package]]
name = "vaultx-broker-client"
version = "0.1.0"

[[package]]
name = "vaultx-cli"
version = "0.1.0"

[[package]]
name = "vaultx-control-plane"
version = "0.1.0"

[[package]]
name = "vaultx-core"
version = "0.1.0"

[[package]]
name = "vaultx-crypto"
version = "0.1.0"

[[package]]
name = "vaultx-http"
version = "0.1.0"

[[package]]
name = "vaultx-keyring"
version = "0.1.0"

[[package]]
name = "vaultx-mcp"
version = "0.1.0"

[[package]]
name = "vaultx-policy"
version = "0.1.0"

[[package]]
name = "vaultx-policy-packs"
version = "0.1.0"

[[package]]
name = "vaultx-repository"
version = "0.1.0"

[[package]]
name = "vaultx-sync-client"
version = "0.1.0"

[[package]]
name = "vaultx-testkit"
version = "0.1.0"

[[package]]
name = "vaultx-tui"
version = "0.1.0"

[[package]]
name = "vaultx-types"
version = "0.1.0"
